
Microsoft Visual Studio Solution File, Format Version 12.00
# Visual Studio Version 16
VisualStudioVersion = 16.0.31729.503
MinimumVisualStudioVersion = 10.0.40219.1
Project("{2150E333-8FDC-42A3-9474-1A3956D46DE8}") = "Code Style Enforcer", "Code Style Enforcer", "{B037F6B0-66B8-4CD0-93B0-9C6F4D1AD5C6}"
	ProjectSection(SolutionItems) = preProject
		..\..\..\..\Program Files\Code Style Enforcer\CustomRules\ImplementationRules.xml = ..\..\..\..\Program Files\Code Style Enforcer\CustomRules\ImplementationRules.xml
		..\..\..\..\Program Files\Code Style Enforcer\CustomRules\NameRules.xml = ..\..\..\..\Program Files\Code Style Enforcer\CustomRules\NameRules.xml
		..\..\..\..\Program Files\Code Style Enforcer\CustomRules\VisibilityRules.xml = ..\..\..\..\Program Files\Code Style Enforcer\CustomRules\VisibilityRules.xml
	EndProjectSection
EndProject
Project("{FAE04EC0-301F-11D3-BF4B-00C04F79EFBC}") = "SOMSimulator", "SOMSimulator\SOMSimulator.csproj", "{E7F18D6E-37B8-4C9E-84EA-0128FF636B51}"
EndProject
Project("{FAE04EC0-301F-11D3-BF4B-00C04F79EFBC}") = "SOMLibrary", "SOMLibrary\SOMLibrary.csproj", "{22693C6B-849C-4319-AD00-0F752F3B12EE}"
EndProject
Project("{2150E333-8FDC-42A3-9474-1A3956D46DE8}") = "Solution Items", "Solution Items", "{52336FD8-100C-42A4-B37B-B313A714112D}"
	ProjectSection(SolutionItems) = preProject
		Local.testsettings = Local.testsettings
		Performance1.psess = Performance1.psess
		SOM.vsmdi = SOM.vsmdi
		TraceAndTestImpact.testsettings = TraceAndTestImpact.testsettings
	EndProjectSection
EndProject
Project("{FAE04EC0-301F-11D3-BF4B-00C04F79EFBC}") = "SOMLibraryTests", "SOMLibraryTests\SOMLibraryTests.csproj", "{E5E453EE-67D8-4CDB-8BE3-3D9EA7A464CA}"
EndProject
Project("{FAE04EC0-301F-11D3-BF4B-00C04F79EFBC}") = "MathLib", "MathLib\MathLib.csproj", "{06119B37-8AB7-47AC-A943-672FEEEEC597}"
EndProject
Project("{FAE04EC0-301F-11D3-BF4B-00C04F79EFBC}") = "Util", "Util\Util.csproj", "{1E22CAC4-8E90-4DD7-A754-6D1EF0845230}"
EndProject
Global
	GlobalSection(SolutionConfigurationPlatforms) = preSolution
		Debug|Any CPU = Debug|Any CPU
		Release|Any CPU = Release|Any CPU
	EndGlobalSection
	GlobalSection(ProjectConfigurationPlatforms) = postSolution
		{E7F18D6E-37B8-4C9E-84EA-0128FF636B51}.Debug|Any CPU.ActiveCfg = Debug|Any CPU
		{E7F18D6E-37B8-4C9E-84EA-0128FF636B51}.Debug|Any CPU.Build.0 = Debug|Any CPU
		{E7F18D6E-37B8-4C9E-84EA-0128FF636B51}.Release|Any CPU.ActiveCfg = Release|Any CPU
		{E7F18D6E-37B8-4C9E-84EA-0128FF636B51}.Release|Any CPU.Build.0 = Release|Any CPU
		{22693C6B-849C-4319-AD00-0F752F3B12EE}.Debug|Any CPU.ActiveCfg = Debug|Any CPU
		{22693C6B-849C-4319-AD00-0F752F3B12EE}.Debug|Any CPU.Build.0 = Debug|Any CPU
		{22693C6B-849C-4319-AD00-0F752F3B12EE}.Release|Any CPU.ActiveCfg = Release|Any CPU
		{22693C6B-849C-4319-AD00-0F752F3B12EE}.Release|Any CPU.Build.0 = Release|Any CPU
		{E5E453EE-67D8-4CDB-8BE3-3D9EA7A464CA}.Debug|Any CPU.ActiveCfg = Debug|Any CPU
		{E5E453EE-67D8-4CDB-8BE3-3D9EA7A464CA}.Debug|Any CPU.Build.0 = Debug|Any CPU
		{E5E453EE-67D8-4CDB-8BE3-3D9EA7A464CA}.Release|Any CPU.ActiveCfg = Release|Any CPU
		{E5E453EE-67D8-4CDB-8BE3-3D9EA7A464CA}.Release|Any CPU.Build.0 = Release|Any CPU
		{06119B37-8AB7-47AC-A943-672FEEEEC597}.Debug|Any CPU.ActiveCfg = Debug|Any CPU
		{06119B37-8AB7-47AC-A943-672FEEEEC597}.Debug|Any CPU.Build.0 = Debug|Any CPU
		{06119B37-8AB7-47AC-A943-672FEEEEC597}.Release|Any CPU.ActiveCfg = Release|Any CPU
		{06119B37-8AB7-47AC-A943-672FEEEEC597}.Release|Any CPU.Build.0 = Release|Any CPU
		{1E22CAC4-8E90-4DD7-A754-6D1EF0845230}.Debug|Any CPU.ActiveCfg = Debug|Any CPU
		{1E22CAC4-8E90-4DD7-A754-6D1EF0845230}.Debug|Any CPU.Build.0 = Debug|Any CPU
		{1E22CAC4-8E90-4DD7-A754-6D1EF0845230}.Release|Any CPU.ActiveCfg = Release|Any CPU
		{1E22CAC4-8E90-4DD7-A754-6D1EF0845230}.Release|Any CPU.Build.0 = Release|Any CPU
	EndGlobalSection
	GlobalSection(SolutionProperties) = preSolution
		HideSolutionNode = FALSE
	EndGlobalSection
	GlobalSection(ExtensibilityGlobals) = postSolution
		SolutionGuid = {03B9EB63-4D22-4DC7-96D4-5A9028B2BCF6}
		CodeStyleEnforcer_RulesLocation = 0
		CodeStyleEnforcer_Active = -1
	EndGlobalSection
	GlobalSection(TestCaseManagementSettings) = postSolution
		CategoryFile = SOM.vsmdi
	EndGlobalSection
EndGlobal
